// !$*UTF8*$!
{
	archiveVersion = 1;
	classes = {
	};
	objectVersion = 50;
	objects = {

/* Begin PBXBuildFile section */
		CF133472249A201B00D04D02 /* Assets.xcassets in Resources */ = {isa = PBXBuildFile; fileRef = CF133471249A201B00D04D02 /* Assets.xcassets */; };
		CF255A36249911A700F4849F /* Preview Assets.xcassets in Resources */ = {isa = PBXBuildFile; fileRef = CF255A35249911A700F4849F /* Preview Assets.xcassets */; };
		CF255A39249911A700F4849F /* LaunchScreen.storyboard in Resources */ = {isa = PBXBuildFile; fileRef = CF255A37249911A700F4849F /* LaunchScreen.storyboard */; };
		CF255A44249911A700F4849F /* Px_to_EmTests.swift in Sources */ = {isa = PBXBuildFile; fileRef = CF255A43249911A700F4849F /* Px_to_EmTests.swift */; };
		CF255A4F249911A700F4849F /* Px_to_EmUITests.swift in Sources */ = {isa = PBXBuildFile; fileRef = CF255A4E249911A700F4849F /* Px_to_EmUITests.swift */; };
		CF546F9524C4ABE300B0399F /* classic@2x.png in Resources */ = {isa = PBXBuildFile; fileRef = CF546F8924C4ABE200B0399F /* classic@2x.png */; };
		CF546F9624C4ABE300B0399F /* innerShadow@2x.png in Resources */ = {isa = PBXBuildFile; fileRef = CF546F8A24C4ABE200B0399F /* innerShadow@2x.png */; };
		CF546F9724C4ABE300B0399F /* white@3x.png in Resources */ = {isa = PBXBuildFile; fileRef = CF546F8B24C4ABE300B0399F /* white@3x.png */; };
		CF546F9824C4ABE300B0399F /* white@2x.png in Resources */ = {isa = PBXBuildFile; fileRef = CF546F8C24C4ABE300B0399F /* white@2x.png */; };
		CF546F9924C4ABE300B0399F /* gradient@3x.png in Resources */ = {isa = PBXBuildFile; fileRef = CF546F8D24C4ABE300B0399F /* gradient@3x.png */; };
		CF546F9A24C4ABE300B0399F /* gradient@2x.png in Resources */ = {isa = PBXBuildFile; fileRef = CF546F8E24C4ABE300B0399F /* gradient@2x.png */; };
		CF546F9B24C4ABE300B0399F /* innerShadow@3x.png in Resources */ = {isa = PBXBuildFile; fileRef = CF546F8F24C4ABE300B0399F /* innerShadow@3x.png */; };
		CF546F9C24C4ABE300B0399F /* neuomorphic@3x.png in Resources */ = {isa = PBXBuildFile; fileRef = CF546F9024C4ABE300B0399F /* neuomorphic@3x.png */; };
		CF546F9D24C4ABE300B0399F /* classic@3x.png in Resources */ = {isa = PBXBuildFile; fileRef = CF546F9124C4ABE300B0399F /* classic@3x.png */; };
		CF546F9E24C4ABE300B0399F /* neuomorphic@2x.png in Resources */ = {isa = PBXBuildFile; fileRef = CF546F9224C4ABE300B0399F /* neuomorphic@2x.png */; };
		CF546F9F24C4ABE300B0399F /* shadow@2x.png in Resources */ = {isa = PBXBuildFile; fileRef = CF546F9324C4ABE300B0399F /* shadow@2x.png */; };
		CF546FA024C4ABE300B0399F /* shadow@3x.png in Resources */ = {isa = PBXBuildFile; fileRef = CF546F9424C4ABE300B0399F /* shadow@3x.png */; };
		CF546FA324C4ACA700B0399F /* black@2x.png in Resources */ = {isa = PBXBuildFile; fileRef = CF546FA124C4ACA600B0399F /* black@2x.png */; };
		CF546FA424C4ACA700B0399F /* black@3x.png in Resources */ = {isa = PBXBuildFile; fileRef = CF546FA224C4ACA700B0399F /* black@3x.png */; };
		CFDB5BAF24C4D6B400E1A7D5 /* AppDelegate.swift in Sources */ = {isa = PBXBuildFile; fileRef = CF255A2C249911A500F4849F /* AppDelegate.swift */; };
		CFDB5BB024C4D6B900E1A7D5 /* SceneDelegate.swift in Sources */ = {isa = PBXBuildFile; fileRef = CF255A2E249911A500F4849F /* SceneDelegate.swift */; };
		CFDB5BB124C4D6BC00E1A7D5 /* ContentView.swift in Sources */ = {isa = PBXBuildFile; fileRef = CF255A30249911A500F4849F /* ContentView.swift */; };
/* End PBXBuildFile section */

/* Begin PBXContainerItemProxy section */
		CF255A40249911A700F4849F /* PBXContainerItemProxy */ = {
			isa = PBXContainerItemProxy;
			containerPortal = CF255A21249911A500F4849F /* Project object */;
			proxyType = 1;
			remoteGlobalIDString = CF255A28249911A500F4849F;
			remoteInfo = "Px to Em";
		};
		CF255A4B249911A700F4849F /* PBXContainerItemProxy */ = {
			isa = PBXContainerItemProxy;
			containerPortal = CF255A21249911A500F4849F /* Project object */;
			proxyType = 1;
			remoteGlobalIDString = CF255A28249911A500F4849F;
			remoteInfo = "Px to Em";
		};
/* End PBXContainerItemProxy section */

/* Begin PBXFileReference section */
		CF133471249A201B00D04D02 /* Assets.xcassets */ = {isa = PBXFileReference; lastKnownFileType = folder.assetcatalog; path = Assets.xcassets; sourceTree = "<group>"; };
		CF255A29249911A500F4849F /* Px ›› Em.app */ = {isa = PBXFileReference; explicitFileType = wrapper.application; includeInIndex = 0; path = "Px ›› Em.app"; sourceTree = BUILT_PRODUCTS_DIR; };
		CF255A2C249911A500F4849F /* AppDelegate.swift */ = {isa = PBXFileReference; lastKnownFileType = sourcecode.swift; path = AppDelegate.swift; sourceTree = "<group>"; };
		CF255A2E249911A500F4849F /* SceneDelegate.swift */ = {isa = PBXFileReference; lastKnownFileType = sourcecode.swift; path = SceneDelegate.swift; sourceTree = "<group>"; };
		CF255A30249911A500F4849F /* ContentView.swift */ = {isa = PBXFileReference; lastKnownFileType = sourcecode.swift; path = ContentView.swift; sourceTree = "<group>"; };
		CF255A35249911A700F4849F /* Preview Assets.xcassets */ = {isa = PBXFileReference; lastKnownFileType = folder.assetcatalog; path = "Preview Assets.xcassets"; sourceTree = "<group>"; };
		CF255A38249911A700F4849F /* Base */ = {isa = PBXFileReference; lastKnownFileType = file.storyboard; name = Base; path = Base.lproj/LaunchScreen.storyboard; sourceTree = "<group>"; };
		CF255A3A249911A700F4849F /* Info.plist */ = {isa = PBXFileReference; lastKnownFileType = text.plist.xml; path = Info.plist; sourceTree = "<group>"; };
		CF255A3F249911A700F4849F /* Px to EmTests.xctest */ = {isa = PBXFileReference; explicitFileType = wrapper.cfbundle; includeInIndex = 0; path = "Px to EmTests.xctest"; sourceTree = BUILT_PRODUCTS_DIR; };
		CF255A43249911A700F4849F /* Px_to_EmTests.swift */ = {isa = PBXFileReference; lastKnownFileType = sourcecode.swift; path = Px_to_EmTests.swift; sourceTree = "<group>"; };
		CF255A45249911A700F4849F /* Info.plist */ = {isa = PBXFileReference; lastKnownFileType = text.plist.xml; path = Info.plist; sourceTree = "<group>"; };
		CF255A4A249911A700F4849F /* Px to EmUITests.xctest */ = {isa = PBXFileReference; explicitFileType = wrapper.cfbundle; includeInIndex = 0; path = "Px to EmUITests.xctest"; sourceTree = BUILT_PRODUCTS_DIR; };
		CF255A4E249911A700F4849F /* Px_to_EmUITests.swift */ = {isa = PBXFileReference; lastKnownFileType = sourcecode.swift; path = Px_to_EmUITests.swift; sourceTree = "<group>"; };
		CF255A50249911A700F4849F /* Info.plist */ = {isa = PBXFileReference; lastKnownFileType = text.plist.xml; path = Info.plist; sourceTree = "<group>"; };
		CF255A5C249A052200F4849F /* Px ›› Em.entitlements */ = {isa = PBXFileReference; lastKnownFileType = text.plist.entitlements; path = "Px ›› Em.entitlements"; sourceTree = "<group>"; };
		CF2F848324C4E76700074366 /* Px ›› Em.app */ = {isa = PBXFileReference; lastKnownFileType = wrapper.application; name = "Px ›› Em.app"; path = "DerivedData/Px to Em/Build/Products/Debug-iphonesimulator/Px ›› Em.app"; sourceTree = "<group>"; };
		CF546F8924C4ABE200B0399F /* classic@2x.png */ = {isa = PBXFileReference; lastKnownFileType = image.png; path = "classic@2x.png"; sourceTree = "<group>"; };
		CF546F8A24C4ABE200B0399F /* innerShadow@2x.png */ = {isa = PBXFileReference; lastKnownFileType = image.png; path = "innerShadow@2x.png"; sourceTree = "<group>"; };
		CF546F8B24C4ABE300B0399F /* white@3x.png */ = {isa = PBXFileReference; lastKnownFileType = image.png; path = "white@3x.png"; sourceTree = "<group>"; };
		CF546F8C24C4ABE300B0399F /* white@2x.png */ = {isa = PBXFileReference; lastKnownFileType = image.png; path = "white@2x.png"; sourceTree = "<group>"; };
		CF546F8D24C4ABE300B0399F /* gradient@3x.png */ = {isa = PBXFileReference; lastKnownFileType = image.png; path = "gradient@3x.png"; sourceTree = "<group>"; };
		CF546F8E24C4ABE300B0399F /* gradient@2x.png */ = {isa = PBXFileReference; lastKnownFileType = image.png; path = "gradient@2x.png"; sourceTree = "<group>"; };
		CF546F8F24C4ABE300B0399F /* innerShadow@3x.png */ = {isa = PBXFileReference; lastKnownFileType = image.png; path = "innerShadow@3x.png"; sourceTree = "<group>"; };
		CF546F9024C4ABE300B0399F /* neuomorphic@3x.png */ = {isa = PBXFileReference; lastKnownFileType = image.png; path = "neuomorphic@3x.png"; sourceTree = "<group>"; };
		CF546F9124C4ABE300B0399F /* classic@3x.png */ = {isa = PBXFileReference; lastKnownFileType = image.png; path = "classic@3x.png"; sourceTree = "<group>"; };
		CF546F9224C4ABE300B0399F /* neuomorphic@2x.png */ = {isa = PBXFileReference; lastKnownFileType = image.png; path = "neuomorphic@2x.png"; sourceTree = "<group>"; };
		CF546F9324C4ABE300B0399F /* shadow@2x.png */ = {isa = PBXFileReference; lastKnownFileType = image.png; path = "shadow@2x.png"; sourceTree = "<group>"; };
		CF546F9424C4ABE300B0399F /* shadow@3x.png */ = {isa = PBXFileReference; lastKnownFileType = image.png; path = "shadow@3x.png"; sourceTree = "<group>"; };
		CF546FA124C4ACA600B0399F /* black@2x.png */ = {isa = PBXFileReference; lastKnownFileType = image.png; path = "black@2x.png"; sourceTree = "<group>"; };
		CF546FA224C4ACA700B0399F /* black@3x.png */ = {isa = PBXFileReference; lastKnownFileType = image.png; path = "black@3x.png"; sourceTree = "<group>"; };
/* End PBXFileReference section */

/* Begin PBXFrameworksBuildPhase section */
		CF255A26249911A500F4849F /* Frameworks */ = {
			isa = PBXFrameworksBuildPhase;
			buildActionMask = 2147483647;
			files = (
			);
			runOnlyForDeploymentPostprocessing = 0;
		};
		CF255A3C249911A700F4849F /* Frameworks */ = {
			isa = PBXFrameworksBuildPhase;
			buildActionMask = 2147483647;
			files = (
			);
			runOnlyForDeploymentPostprocessing = 0;
		};
		CF255A47249911A700F4849F /* Frameworks */ = {
			isa = PBXFrameworksBuildPhase;
			buildActionMask = 2147483647;
			files = (
			);
			runOnlyForDeploymentPostprocessing = 0;
		};
/* End PBXFrameworksBuildPhase section */

/* Begin PBXGroup section */
		CF255A20249911A500F4849F = {
			isa = PBXGroup;
			children = (
				CF2F848324C4E76700074366 /* Px ›› Em.app */,
				CF255A2B249911A500F4849F /* Px to Em */,
				CF255A42249911A700F4849F /* Px to EmTests */,
				CF255A4D249911A700F4849F /* Px to EmUITests */,
				CF255A2A249911A500F4849F /* Products */,
			);
			sourceTree = "<group>";
		};
		CF255A2A249911A500F4849F /* Products */ = {
			isa = PBXGroup;
			children = (
				CF255A29249911A500F4849F /* Px ›› Em.app */,
				CF255A3F249911A700F4849F /* Px to EmTests.xctest */,
				CF255A4A249911A700F4849F /* Px to EmUITests.xctest */,
			);
			name = Products;
			sourceTree = "<group>";
		};
		CF255A2B249911A500F4849F /* Px to Em */ = {
			isa = PBXGroup;
			children = (
				CF546F8824C4ABD200B0399F /* Alt Icons */,
				CF255A5C249A052200F4849F /* Px ›› Em.entitlements */,
				CF255A2C249911A500F4849F /* AppDelegate.swift */,
				CF255A2E249911A500F4849F /* SceneDelegate.swift */,
				CF255A30249911A500F4849F /* ContentView.swift */,
				CF133471249A201B00D04D02 /* Assets.xcassets */,
				CF255A37249911A700F4849F /* LaunchScreen.storyboard */,
				CF255A3A249911A700F4849F /* Info.plist */,
				CF255A34249911A700F4849F /* Preview Content */,
			);
			path = "Px to Em";
			sourceTree = "<group>";
		};
		CF255A34249911A700F4849F /* Preview Content */ = {
			isa = PBXGroup;
			children = (
				CF255A35249911A700F4849F /* Preview Assets.xcassets */,
			);
			path = "Preview Content";
			sourceTree = "<group>";
		};
		CF255A42249911A700F4849F /* Px to EmTests */ = {
			isa = PBXGroup;
			children = (
				CF255A43249911A700F4849F /* Px_to_EmTests.swift */,
				CF255A45249911A700F4849F /* Info.plist */,
			);
			path = "Px to EmTests";
			sourceTree = "<group>";
		};
		CF255A4D249911A700F4849F /* Px to EmUITests */ = {
			isa = PBXGroup;
			children = (
				CF255A4E249911A700F4849F /* Px_to_EmUITests.swift */,
				CF255A50249911A700F4849F /* Info.plist */,
			);
			path = "Px to EmUITests";
			sourceTree = "<group>";
		};
		CF546F8824C4ABD200B0399F /* Alt Icons */ = {
			isa = PBXGroup;
			children = (
				CF546FA124C4ACA600B0399F /* black@2x.png */,
				CF546FA224C4ACA700B0399F /* black@3x.png */,
				CF546F8924C4ABE200B0399F /* classic@2x.png */,
				CF546F9124C4ABE300B0399F /* classic@3x.png */,
				CF546F8E24C4ABE300B0399F /* gradient@2x.png */,
				CF546F8D24C4ABE300B0399F /* gradient@3x.png */,
				CF546F8A24C4ABE200B0399F /* innerShadow@2x.png */,
				CF546F8F24C4ABE300B0399F /* innerShadow@3x.png */,
				CF546F9224C4ABE300B0399F /* neuomorphic@2x.png */,
				CF546F9024C4ABE300B0399F /* neuomorphic@3x.png */,
				CF546F9324C4ABE300B0399F /* shadow@2x.png */,
				CF546F9424C4ABE300B0399F /* shadow@3x.png */,
				CF546F8C24C4ABE300B0399F /* white@2x.png */,
				CF546F8B24C4ABE300B0399F /* white@3x.png */,
			);
			path = "Alt Icons";
			sourceTree = "<group>";
		};
/* End PBXGroup section */

/* Begin PBXNativeTarget section */
		CF255A28249911A500F4849F /* Px ›› Em */ = {
			isa = PBXNativeTarget;
			buildConfigurationList = CF255A53249911A700F4849F /* Build configuration list for PBXNativeTarget "Px ›› Em" */;
			buildPhases = (
				CF255A25249911A500F4849F /* Sources */,
				CF255A26249911A500F4849F /* Frameworks */,
				CF255A27249911A500F4849F /* Resources */,
			);
			buildRules = (
			);
			dependencies = (
			);
			name = "Px ›› Em";
			productName = "Px to Em";
			productReference = CF255A29249911A500F4849F /* Px ›› Em.app */;
			productType = "com.apple.product-type.application";
		};
		CF255A3E249911A700F4849F /* Px to EmTests */ = {
			isa = PBXNativeTarget;
			buildConfigurationList = CF255A56249911A700F4849F /* Build configuration list for PBXNativeTarget "Px to EmTests" */;
			buildPhases = (
				CF255A3B249911A700F4849F /* Sources */,
				CF255A3C249911A700F4849F /* Frameworks */,
				CF255A3D249911A700F4849F /* Resources */,
			);
			buildRules = (
			);
			dependencies = (
				CF255A41249911A700F4849F /* PBXTargetDependency */,
			);
			name = "Px to EmTests";
			productName = "Px to EmTests";
			productReference = CF255A3F249911A700F4849F /* Px to EmTests.xctest */;
			productType = "com.apple.product-type.bundle.unit-test";
		};
		CF255A49249911A700F4849F /* Px to EmUITests */ = {
			isa = PBXNativeTarget;
			buildConfigurationList = CF255A59249911A700F4849F /* Build configuration list for PBXNativeTarget "Px to EmUITests" */;
			buildPhases = (
				CF255A46249911A700F4849F /* Sources */,
				CF255A47249911A700F4849F /* Frameworks */,
				CF255A48249911A700F4849F /* Resources */,
			);
			buildRules = (
			);
			dependencies = (
				CF255A4C249911A700F4849F /* PBXTargetDependency */,
			);
			name = "Px to EmUITests";
			productName = "Px to EmUITests";
			productReference = CF255A4A249911A700F4849F /* Px to EmUITests.xctest */;
			productType = "com.apple.product-type.bundle.ui-testing";
		};
/* End PBXNativeTarget section */

/* Begin PBXProject section */
		CF255A21249911A500F4849F /* Project object */ = {
			isa = PBXProject;
			attributes = {
				LastSwiftUpdateCheck = 1150;
				LastUpgradeCheck = 1150;
				ORGANIZATIONNAME = KEJK;
				TargetAttributes = {
					CF255A28249911A500F4849F = {
						CreatedOnToolsVersion = 11.5;
					};
					CF255A3E249911A700F4849F = {
						CreatedOnToolsVersion = 11.5;
						TestTargetID = CF255A28249911A500F4849F;
					};
					CF255A49249911A700F4849F = {
						CreatedOnToolsVersion = 11.5;
						TestTargetID = CF255A28249911A500F4849F;
					};
				};
			};
			buildConfigurationList = CF255A24249911A500F4849F /* Build configuration list for PBXProject "Px to Em" */;
			compatibilityVersion = "Xcode 9.3";
			developmentRegion = en;
			hasScannedForEncodings = 0;
			knownRegions = (
				en,
				Base,
			);
			mainGroup = CF255A20249911A500F4849F;
			productRefGroup = CF255A2A249911A500F4849F /* Products */;
			projectDirPath = "";
			projectRoot = "";
			targets = (
				CF255A28249911A500F4849F /* Px ›› Em */,
				CF255A3E249911A700F4849F /* Px to EmTests */,
				CF255A49249911A700F4849F /* Px to EmUITests */,
			);
		};
/* End PBXProject section */

/* Begin PBXResourcesBuildPhase section */
		CF255A27249911A500F4849F /* Resources */ = {
			isa = PBXResourcesBuildPhase;
			buildActionMask = 2147483647;
			files = (
				CF546F9A24C4ABE300B0399F /* gradient@2x.png in Resources */,
				CF546FA024C4ABE300B0399F /* shadow@3x.png in Resources */,
				CF546F9724C4ABE300B0399F /* white@3x.png in Resources */,
				CF255A39249911A700F4849F /* LaunchScreen.storyboard in Resources */,
				CF546F9824C4ABE300B0399F /* white@2x.png in Resources */,
				CF546F9E24C4ABE300B0399F /* neuomorphic@2x.png in Resources */,
				CF546FA324C4ACA700B0399F /* black@2x.png in Resources */,
				CF546FA424C4ACA700B0399F /* black@3x.png in Resources */,
				CF133472249A201B00D04D02 /* Assets.xcassets in Resources */,
				CF546F9B24C4ABE300B0399F /* innerShadow@3x.png in Resources */,
				CF546F9F24C4ABE300B0399F /* shadow@2x.png in Resources */,
				CF546F9924C4ABE300B0399F /* gradient@3x.png in Resources */,
				CF546F9624C4ABE300B0399F /* innerShadow@2x.png in Resources */,
				CF546F9C24C4ABE300B0399F /* neuomorphic@3x.png in Resources */,
				CF546F9D24C4ABE300B0399F /* classic@3x.png in Resources */,
				CF255A36249911A700F4849F /* Preview Assets.xcassets in Resources */,
				CF546F9524C4ABE300B0399F /* classic@2x.png in Resources */,
			);
			runOnlyForDeploymentPostprocessing = 0;
		};
		CF255A3D249911A700F4849F /* Resources */ = {
			isa = PBXResourcesBuildPhase;
			buildActionMask = 2147483647;
			files = (
			);
			runOnlyForDeploymentPostprocessing = 0;
		};
		CF255A48249911A700F4849F /* Resources */ = {
			isa = PBXResourcesBuildPhase;
			buildActionMask = 2147483647;
			files = (
			);
			runOnlyForDeploymentPostprocessing = 0;
		};
/* End PBXResourcesBuildPhase section */

/* Begin PBXSourcesBuildPhase section */
		CF255A25249911A500F4849F /* Sources */ = {
			isa = PBXSourcesBuildPhase;
			buildActionMask = 2147483647;
			files = (
				CFDB5BB124C4D6BC00E1A7D5 /* ContentView.swift in Sources */,
				CFDB5BB024C4D6B900E1A7D5 /* SceneDelegate.swift in Sources */,
				CFDB5BAF24C4D6B400E1A7D5 /* AppDelegate.swift in Sources */,
			);
			runOnlyForDeploymentPostprocessing = 0;
		};
		CF255A3B249911A700F4849F /* Sources */ = {
			isa = PBXSourcesBuildPhase;
			buildActionMask = 2147483647;
			files = (
				CF255A44249911A700F4849F /* Px_to_EmTests.swift in Sources */,
			);
			runOnlyForDeploymentPostprocessing = 0;
		};
		CF255A46249911A700F4849F /* Sources */ = {
			isa = PBXSourcesBuildPhase;
			buildActionMask = 2147483647;
			files = (
				CF255A4F249911A700F4849F /* Px_to_EmUITests.swift in Sources */,
			);
			runOnlyForDeploymentPostprocessing = 0;
		};
/* End PBXSourcesBuildPhase section */

/* Begin PBXTargetDependency section */
		CF255A41249911A700F4849F /* PBXTargetDependency */ = {
			isa = PBXTargetDependency;
			target = CF255A28249911A500F4849F /* Px ›› Em */;
			targetProxy = CF255A40249911A700F4849F /* PBXContainerItemProxy */;
		};
		CF255A4C249911A700F4849F /* PBXTargetDependency */ = {
			isa = PBXTargetDependency;
			target = CF255A28249911A500F4849F /* Px ›› Em */;
			targetProxy = CF255A4B249911A700F4849F /* PBXContainerItemProxy */;
		};
/* End PBXTargetDependency section */

/* Begin PBXVariantGroup section */
		CF255A37249911A700F4849F /* LaunchScreen.storyboard */ = {
			isa = PBXVariantGroup;
			children = (
				CF255A38249911A700F4849F /* Base */,
			);
			name = LaunchScreen.storyboard;
			sourceTree = "<group>";
		};
/* End PBXVariantGroup section */

/* Begin XCBuildConfiguration section */
		CF255A51249911A700F4849F /* Debug */ = {
			isa = XCBuildConfiguration;
			buildSettings = {
				ALWAYS_SEARCH_USER_PATHS = NO;
				CLANG_ANALYZER_NONNULL = YES;
				CLANG_ANALYZER_NUMBER_OBJECT_CONVERSION = YES_AGGRESSIVE;
				CLANG_CXX_LANGUAGE_STANDARD = "gnu++14";
				CLANG_CXX_LIBRARY = "libc++";
				CLANG_ENABLE_MODULES = YES;
				CLANG_ENABLE_OBJC_ARC = YES;
				CLANG_ENABLE_OBJC_WEAK = YES;
				CLANG_WARN_BLOCK_CAPTURE_AUTORELEASING = YES;
				CLANG_WARN_BOOL_CONVERSION = YES;
				CLANG_WARN_COMMA = YES;
				CLANG_WARN_CONSTANT_CONVERSION = YES;
				CLANG_WARN_DEPRECATED_OBJC_IMPLEMENTATIONS = YES;
				CLANG_WARN_DIRECT_OBJC_ISA_USAGE = YES_ERROR;
				CLANG_WARN_DOCUMENTATION_COMMENTS = YES;
				CLANG_WARN_EMPTY_BODY = YES;
				CLANG_WARN_ENUM_CONVERSION = YES;
				CLANG_WARN_INFINITE_RECURSION = YES;
				CLANG_WARN_INT_CONVERSION = YES;
				CLANG_WARN_NON_LITERAL_NULL_CONVERSION = YES;
				CLANG_WARN_OBJC_IMPLICIT_RETAIN_SELF = YES;
				CLANG_WARN_OBJC_LITERAL_CONVERSION = YES;
				CLANG_WARN_OBJC_ROOT_CLASS = YES_ERROR;
				CLANG_WARN_RANGE_LOOP_ANALYSIS = YES;
				CLANG_WARN_STRICT_PROTOTYPES = YES;
				CLANG_WARN_SUSPICIOUS_MOVE = YES;
				CLANG_WARN_UNGUARDED_AVAILABILITY = YES_AGGRESSIVE;
				CLANG_WARN_UNREACHABLE_CODE = YES;
				CLANG_WARN__DUPLICATE_METHOD_MATCH = YES;
				COPY_PHASE_STRIP = NO;
				DEBUG_INFORMATION_FORMAT = dwarf;
				ENABLE_STRICT_OBJC_MSGSEND = YES;
				ENABLE_TESTABILITY = YES;
				GCC_C_LANGUAGE_STANDARD = gnu11;
				GCC_DYNAMIC_NO_PIC = NO;
				GCC_NO_COMMON_BLOCKS = YES;
				GCC_OPTIMIZATION_LEVEL = 0;
				GCC_PREPROCESSOR_DEFINITIONS = (
					"DEBUG=1",
					"$(inherited)",
				);
				GCC_WARN_64_TO_32_BIT_CONVERSION = YES;
				GCC_WARN_ABOUT_RETURN_TYPE = YES_ERROR;
				GCC_WARN_UNDECLARED_SELECTOR = YES;
				GCC_WARN_UNINITIALIZED_AUTOS = YES_AGGRESSIVE;
				GCC_WARN_UNUSED_FUNCTION = YES;
				GCC_WARN_UNUSED_VARIABLE = YES;
				IPHONEOS_DEPLOYMENT_TARGET = 13.0;
				MTL_ENABLE_DEBUG_INFO = INCLUDE_SOURCE;
				MTL_FAST_MATH = YES;
				ONLY_ACTIVE_ARCH = NO;
				SDKROOT = iphoneos;
				SUPPORTED_PLATFORMS = "iphonesimulator iphoneos";
				SUPPORTS_MACCATALYST = YES;
				SWIFT_ACTIVE_COMPILATION_CONDITIONS = DEBUG;
				SWIFT_OPTIMIZATION_LEVEL = "-Onone";
				VALID_ARCHS = "armv6 armv7s armv7 arm64";
			};
			name = Debug;
		};
		CF255A52249911A700F4849F /* Release */ = {
			isa = XCBuildConfiguration;
			buildSettings = {
				ALWAYS_SEARCH_USER_PATHS = NO;
				CLANG_ANALYZER_NONNULL = YES;
				CLANG_ANALYZER_NUMBER_OBJECT_CONVERSION = YES_AGGRESSIVE;
				CLANG_CXX_LANGUAGE_STANDARD = "gnu++14";
				CLANG_CXX_LIBRARY = "libc++";
				CLANG_ENABLE_MODULES = YES;
				CLANG_ENABLE_OBJC_ARC = YES;
				CLANG_ENABLE_OBJC_WEAK = YES;
				CLANG_WARN_BLOCK_CAPTURE_AUTORELEASING = YES;
				CLANG_WARN_BOOL_CONVERSION = YES;
				CLANG_WARN_COMMA = YES;
				CLANG_WARN_CONSTANT_CONVERSION = YES;
				CLANG_WARN_DEPRECATED_OBJC_IMPLEMENTATIONS = YES;
				CLANG_WARN_DIRECT_OBJC_ISA_USAGE = YES_ERROR;
				CLANG_WARN_DOCUMENTATION_COMMENTS = YES;
				CLANG_WARN_EMPTY_BODY = YES;
				CLANG_WARN_ENUM_CONVERSION = YES;
				CLANG_WARN_INFINITE_RECURSION = YES;
				CLANG_WARN_INT_CONVERSION = YES;
				CLANG_WARN_NON_LITERAL_NULL_CONVERSION = YES;
				CLANG_WARN_OBJC_IMPLICIT_RETAIN_SELF = YES;
				CLANG_WARN_OBJC_LITERAL_CONVERSION = YES;
				CLANG_WARN_OBJC_ROOT_CLASS = YES_ERROR;
				CLANG_WARN_RANGE_LOOP_ANALYSIS = YES;
				CLANG_WARN_STRICT_PROTOTYPES = YES;
				CLANG_WARN_SUSPICIOUS_MOVE = YES;
				CLANG_WARN_UNGUARDED_AVAILABILITY = YES_AGGRESSIVE;
				CLANG_WARN_UNREACHABLE_CODE = YES;
				CLANG_WARN__DUPLICATE_METHOD_MATCH = YES;
				COPY_PHASE_STRIP = NO;
				DEBUG_INFORMATION_FORMAT = "dwarf-with-dsym";
				ENABLE_NS_ASSERTIONS = NO;
				ENABLE_STRICT_OBJC_MSGSEND = YES;
				GCC_C_LANGUAGE_STANDARD = gnu11;
				GCC_NO_COMMON_BLOCKS = YES;
				GCC_WARN_64_TO_32_BIT_CONVERSION = YES;
				GCC_WARN_ABOUT_RETURN_TYPE = YES_ERROR;
				GCC_WARN_UNDECLARED_SELECTOR = YES;
				GCC_WARN_UNINITIALIZED_AUTOS = YES_AGGRESSIVE;
				GCC_WARN_UNUSED_FUNCTION = YES;
				GCC_WARN_UNUSED_VARIABLE = YES;
				IPHONEOS_DEPLOYMENT_TARGET = 13.0;
				MTL_ENABLE_DEBUG_INFO = NO;
				MTL_FAST_MATH = YES;
				ONLY_ACTIVE_ARCH = NO;
				SDKROOT = iphoneos;
				SUPPORTED_PLATFORMS = "iphonesimulator iphoneos";
				SUPPORTS_MACCATALYST = YES;
				SWIFT_COMPILATION_MODE = wholemodule;
				SWIFT_OPTIMIZATION_LEVEL = "-O";
				VALIDATE_PRODUCT = YES;
				VALID_ARCHS = "armv6 armv7s armv7 arm64";
			};
			name = Release;
		};
		CF255A54249911A700F4849F /* Debug */ = {
			isa = XCBuildConfiguration;
			buildSettings = {
				ASSETCATALOG_COMPILER_APPICON_NAME = AppIcon;
				CODE_SIGN_ENTITLEMENTS = "Px to Em/Px ›› Em.entitlements";
				"CODE_SIGN_IDENTITY[sdk=macosx*]" = "Apple Development";
				CODE_SIGN_STYLE = Automatic;
				CURRENT_PROJECT_VERSION = 1.7;
				DEVELOPMENT_ASSET_PATHS = "\"Px to Em/Preview Content\"";
				DEVELOPMENT_TEAM = WMGJ7B26TT;
				ENABLE_PREVIEWS = YES;
				INFOPLIST_FILE = "Px to Em/Info.plist";
				LD_RUNPATH_SEARCH_PATHS = (
					"$(inherited)",
					"@executable_path/Frameworks",
				);
				MARKETING_VERSION = 1.7;
				ONLY_ACTIVE_ARCH = YES;
				PRODUCT_BUNDLE_IDENTIFIER = "com.kejk.px-to-em";
				PRODUCT_NAME = "Px ›› Em";
				SUPPORTED_PLATFORMS = "iphonesimulator iphoneos";
				SUPPORTS_MACCATALYST = YES;
				SWIFT_VERSION = 5.0;
				TARGETED_DEVICE_FAMILY = "1,2";
				TVOS_DEPLOYMENT_TARGET = 13.0;
				VALID_ARCHS = "$(ARCHS_STANDARD)";
				VERSIONING_SYSTEM = "";
				WATCHOS_DEPLOYMENT_TARGET = 6.0;
			};
			name = Debug;
		};
		CF255A55249911A700F4849F /* Release */ = {
			isa = XCBuildConfiguration;
			buildSettings = {
				ASSETCATALOG_COMPILER_APPICON_NAME = AppIcon;
				CODE_SIGN_ENTITLEMENTS = "Px to Em/Px ›› Em.entitlements";
				"CODE_SIGN_IDENTITY[sdk=macosx*]" = "Apple Development";
				CODE_SIGN_STYLE = Automatic;
				CURRENT_PROJECT_VERSION = 1.7;
				DEVELOPMENT_ASSET_PATHS = "\"Px to Em/Preview Content\"";
				DEVELOPMENT_TEAM = WMGJ7B26TT;
				ENABLE_PREVIEWS = YES;
				INFOPLIST_FILE = "Px to Em/Info.plist";
				LD_RUNPATH_SEARCH_PATHS = (
					"$(inherited)",
					"@executable_path/Frameworks",
				);
				MARKETING_VERSION = 1.7;
				ONLY_ACTIVE_ARCH = YES;
				PRODUCT_BUNDLE_IDENTIFIER = "com.kejk.px-to-em";
				PRODUCT_NAME = "Px ›› Em";
				SUPPORTED_PLATFORMS = "iphonesimulator iphoneos";
				SUPPORTS_MACCATALYST = YES;
				SWIFT_VERSION = 5.0;
				TARGETED_DEVICE_FAMILY = "1,2";
				TVOS_DEPLOYMENT_TARGET = 13.0;
				VALID_ARCHS = "$(ARCHS_STANDARD)";
				VERSIONING_SYSTEM = "";
				WATCHOS_DEPLOYMENT_TARGET = 6.0;
			};
			name = Release;
		};
		CF255A57249911A700F4849F /* Debug */ = {
			isa = XCBuildConfiguration;
			buildSettings = {
				ALWAYS_EMBED_SWIFT_STANDARD_LIBRARIES = YES;
				BUNDLE_LOADER = "$(TEST_HOST)";
				CODE_SIGN_STYLE = Automatic;
				INFOPLIST_FILE = "Px to EmTests/Info.plist";
				IPHONEOS_DEPLOYMENT_TARGET = 13.5;
				LD_RUNPATH_SEARCH_PATHS = (
					"$(inherited)",
					"@executable_path/Frameworks",
					"@loader_path/Frameworks",
				);
				PRODUCT_BUNDLE_IDENTIFIER = "kejk.Px-to-EmTests";
				PRODUCT_NAME = "$(TARGET_NAME)";
				SWIFT_VERSION = 5.0;
				TARGETED_DEVICE_FAMILY = "1,2";
				TEST_HOST = "$(BUILT_PRODUCTS_DIR)/Px to Em.app/Px to Em";
			};
			name = Debug;
		};
		CF255A58249911A700F4849F /* Release */ = {
			isa = XCBuildConfiguration;
			buildSettings = {
				ALWAYS_EMBED_SWIFT_STANDARD_LIBRARIES = YES;
				BUNDLE_LOADER = "$(TEST_HOST)";
				CODE_SIGN_STYLE = Automatic;
				INFOPLIST_FILE = "Px to EmTests/Info.plist";
				IPHONEOS_DEPLOYMENT_TARGET = 13.5;
				LD_RUNPATH_SEARCH_PATHS = (
					"$(inherited)",
					"@executable_path/Frameworks",
					"@loader_path/Frameworks",
				);
				PRODUCT_BUNDLE_IDENTIFIER = "kejk.Px-to-EmTests";
				PRODUCT_NAME = "$(TARGET_NAME)";
				SWIFT_VERSION = 5.0;
				TARGETED_DEVICE_FAMILY = "1,2";
				TEST_HOST = "$(BUILT_PRODUCTS_DIR)/Px to Em.app/Px to Em";
			};
			name = Release;
		};
		CF255A5A249911A700F4849F /* Debug */ = {
			isa = XCBuildConfiguration;
			buildSettings = {
				ALWAYS_EMBED_SWIFT_STANDARD_LIBRARIES = YES;
				CODE_SIGN_STYLE = Automatic;
				INFOPLIST_FILE = "Px to EmUITests/Info.plist";
				LD_RUNPATH_SEARCH_PATHS = (
					"$(inherited)",
					"@executable_path/Frameworks",
					"@loader_path/Frameworks",
				);
				PRODUCT_BUNDLE_IDENTIFIER = "kejk.Px-to-EmUITests";
				PRODUCT_NAME = "$(TARGET_NAME)";
				SWIFT_VERSION = 5.0;
				TARGETED_DEVICE_FAMILY = "1,2";
				TEST_TARGET_NAME = "Px to Em";
			};
			name = Debug;
		};
		CF255A5B249911A700F4849F /* Release */ = {
			isa = XCBuildConfiguration;
			buildSettings = {
				ALWAYS_EMBED_SWIFT_STANDARD_LIBRARIES = YES;
				CODE_SIGN_STYLE = Automatic;
				INFOPLIST_FILE = "Px to EmUITests/Info.plist";
				LD_RUNPATH_SEARCH_PATHS = (
					"$(inherited)",
					"@executable_path/Frameworks",
					"@loader_path/Frameworks",
				);
				PRODUCT_BUNDLE_IDENTIFIER = "kejk.Px-to-EmUITests";
				PRODUCT_NAME = "$(TARGET_NAME)";
				SWIFT_VERSION = 5.0;
				TARGETED_DEVICE_FAMILY = "1,2";
				TEST_TARGET_NAME = "Px to Em";
			};
			name = Release;
		};
/* End XCBuildConfiguration section */

/* Begin XCConfigurationList section */
		CF255A24249911A500F4849F /* Build configuration list for PBXProject "Px to Em" */ = {
			isa = XCConfigurationList;
			buildConfigurations = (
				CF255A51249911A700F4849F /* Debug */,
				CF255A52249911A700F4849F /* Release */,
			);
			defaultConfigurationIsVisible = 0;
			defaultConfigurationName = Release;
		};
		CF255A53249911A700F4849F /* Build configuration list for PBXNativeTarget "Px ›› Em" */ = {
			isa = XCConfigurationList;
			buildConfigurations = (
				CF255A54249911A700F4849F /* Debug */,
				CF255A55249911A700F4849F /* Release */,
			);
			defaultConfigurationIsVisible = 0;
			defaultConfigurationName = Release;
		};
		CF255A56249911A700F4849F /* Build configuration list for PBXNativeTarget "Px to EmTests" */ = {
			isa = XCConfigurationList;
			buildConfigurations = (
				CF255A57249911A700F4849F /* Debug */,
				CF255A58249911A700F4849F /* Release */,
			);
			defaultConfigurationIsVisible = 0;
			defaultConfigurationName = Release;
		};
		CF255A59249911A700F4849F /* Build configuration list for PBXNativeTarget "Px to EmUITests" */ = {
			isa = XCConfigurationList;
			buildConfigurations = (
				CF255A5A249911A700F4849F /* Debug */,
				CF255A5B249911A700F4849F /* Release */,
			);
			defaultConfigurationIsVisible = 0;
			defaultConfigurationName = Release;
		};
/* End XCConfigurationList section */
	};
	rootObject = CF255A21249911A500F4849F /* Project object */;
}
