// !$*UTF8*$!
{
	archiveVersion = 1;
	classes = {
	};
	objectVersion = 50;
	objects = {

/* Begin PBXBuildFile section */
		CFF4579825B0DC0700E64363 /* HandoverApp.swift in Sources */ = {isa = PBXBuildFile; fileRef = CFF4578525B0DC0500E64363 /* HandoverApp.swift */; };
		CFF4579925B0DC0700E64363 /* HandoverApp.swift in Sources */ = {isa = PBXBuildFile; fileRef = CFF4578525B0DC0500E64363 /* HandoverApp.swift */; };
		CFF4579A25B0DC0700E64363 /* ContentView.swift in Sources */ = {isa = PBXBuildFile; fileRef = CFF4578625B0DC0500E64363 /* ContentView.swift */; };
		CFF4579B25B0DC0700E64363 /* ContentView.swift in Sources */ = {isa = PBXBuildFile; fileRef = CFF4578625B0DC0500E64363 /* ContentView.swift */; };
		CFF4579C25B0DC0700E64363 /* Assets.xcassets in Resources */ = {isa = PBXBuildFile; fileRef = CFF4578725B0DC0700E64363 /* Assets.xcassets */; };
		CFF4579D25B0DC0700E64363 /* Assets.xcassets in Resources */ = {isa = PBXBuildFile; fileRef = CFF4578725B0DC0700E64363 /* Assets.xcassets */; };
/* End PBXBuildFile section */

/* Begin PBXFileReference section */
		CFF4578525B0DC0500E64363 /* HandoverApp.swift */ = {isa = PBXFileReference; lastKnownFileType = sourcecode.swift; path = HandoverApp.swift; sourceTree = "<group>"; };
		CFF4578625B0DC0500E64363 /* ContentView.swift */ = {isa = PBXFileReference; lastKnownFileType = sourcecode.swift; path = ContentView.swift; sourceTree = "<group>"; };
		CFF4578725B0DC0700E64363 /* Assets.xcassets */ = {isa = PBXFileReference; lastKnownFileType = folder.assetcatalog; path = Assets.xcassets; sourceTree = "<group>"; };
		CFF4578C25B0DC0700E64363 /* Handover.app */ = {isa = PBXFileReference; explicitFileType = wrapper.application; includeInIndex = 0; path = Handover.app; sourceTree = BUILT_PRODUCTS_DIR; };
		CFF4578F25B0DC0700E64363 /* Info.plist */ = {isa = PBXFileReference; lastKnownFileType = text.plist.xml; path = Info.plist; sourceTree = "<group>"; };
		CFF4579425B0DC0700E64363 /* Handover.app */ = {isa = PBXFileReference; explicitFileType = wrapper.application; includeInIndex = 0; path = Handover.app; sourceTree = BUILT_PRODUCTS_DIR; };
		CFF4579625B0DC0700E64363 /* Info.plist */ = {isa = PBXFileReference; lastKnownFileType = text.plist.xml; path = Info.plist; sourceTree = "<group>"; };
		CFF4579725B0DC0700E64363 /* macOS.entitlements */ = {isa = PBXFileReference; lastKnownFileType = text.plist.entitlements; path = macOS.entitlements; sourceTree = "<group>"; };
/* End PBXFileReference section */

/* Begin PBXFrameworksBuildPhase section */
		CFF4578925B0DC0700E64363 /* Frameworks */ = {
			isa = PBXFrameworksBuildPhase;
			buildActionMask = 2147483647;
			files = (
			);
			runOnlyForDeploymentPostprocessing = 0;
		};
		CFF4579125B0DC0700E64363 /* Frameworks */ = {
			isa = PBXFrameworksBuildPhase;
			buildActionMask = 2147483647;
			files = (
			);
			runOnlyForDeploymentPostprocessing = 0;
		};
/* End PBXFrameworksBuildPhase section */

/* Begin PBXGroup section */
		CFF4577F25B0DC0400E64363 = {
			isa = PBXGroup;
			children = (
				CFF4578425B0DC0500E64363 /* Shared */,
				CFF4578E25B0DC0700E64363 /* iOS */,
				CFF4579525B0DC0700E64363 /* macOS */,
				CFF4578D25B0DC0700E64363 /* Products */,
			);
			sourceTree = "<group>";
		};
		CFF4578425B0DC0500E64363 /* Shared */ = {
			isa = PBXGroup;
			children = (
				CFF4578525B0DC0500E64363 /* HandoverApp.swift */,
				CFF4578625B0DC0500E64363 /* ContentView.swift */,
				CFF4578725B0DC0700E64363 /* Assets.xcassets */,
			);
			path = Shared;
			sourceTree = "<group>";
		};
		CFF4578D25B0DC0700E64363 /* Products */ = {
			isa = PBXGroup;
			children = (
				CFF4578C25B0DC0700E64363 /* Handover.app */,
				CFF4579425B0DC0700E64363 /* Handover.app */,
			);
			name = Products;
			sourceTree = "<group>";
		};
		CFF4578E25B0DC0700E64363 /* iOS */ = {
			isa = PBXGroup;
			children = (
				CFF4578F25B0DC0700E64363 /* Info.plist */,
			);
			path = iOS;
			sourceTree = "<group>";
		};
		CFF4579525B0DC0700E64363 /* macOS */ = {
			isa = PBXGroup;
			children = (
				CFF4579625B0DC0700E64363 /* Info.plist */,
				CFF4579725B0DC0700E64363 /* macOS.entitlements */,
			);
			path = macOS;
			sourceTree = "<group>";
		};
/* End PBXGroup section */

/* Begin PBXNativeTarget section */
		CFF4578B25B0DC0700E64363 /* Handover (iOS) */ = {
			isa = PBXNativeTarget;
			buildConfigurationList = CFF457A025B0DC0700E64363 /* Build configuration list for PBXNativeTarget "Handover (iOS)" */;
			buildPhases = (
				CFF4578825B0DC0700E64363 /* Sources */,
				CFF4578925B0DC0700E64363 /* Frameworks */,
				CFF4578A25B0DC0700E64363 /* Resources */,
			);
			buildRules = (
			);
			dependencies = (
			);
			name = "Handover (iOS)";
			productName = "Handover (iOS)";
			productReference = CFF4578C25B0DC0700E64363 /* Handover.app */;
			productType = "com.apple.product-type.application";
		};
		CFF4579325B0DC0700E64363 /* Handover (macOS) */ = {
			isa = PBXNativeTarget;
			buildConfigurationList = CFF457A325B0DC0700E64363 /* Build configuration list for PBXNativeTarget "Handover (macOS)" */;
			buildPhases = (
				CFF4579025B0DC0700E64363 /* Sources */,
				CFF4579125B0DC0700E64363 /* Frameworks */,
				CFF4579225B0DC0700E64363 /* Resources */,
			);
			buildRules = (
			);
			dependencies = (
			);
			name = "Handover (macOS)";
			productName = "Handover (macOS)";
			productReference = CFF4579425B0DC0700E64363 /* Handover.app */;
			productType = "com.apple.product-type.application";
		};
/* End PBXNativeTarget section */

/* Begin PBXProject section */
		CFF4578025B0DC0400E64363 /* Project object */ = {
			isa = PBXProject;
			attributes = {
				LastSwiftUpdateCheck = 1230;
				LastUpgradeCheck = 1230;
				TargetAttributes = {
					CFF4578B25B0DC0700E64363 = {
						CreatedOnToolsVersion = 12.3;
					};
					CFF4579325B0DC0700E64363 = {
						CreatedOnToolsVersion = 12.3;
					};
				};
			};
			buildConfigurationList = CFF4578325B0DC0400E64363 /* Build configuration list for PBXProject "Handover" */;
			compatibilityVersion = "Xcode 9.3";
			developmentRegion = en;
			hasScannedForEncodings = 0;
			knownRegions = (
				en,
				Base,
			);
			mainGroup = CFF4577F25B0DC0400E64363;
			productRefGroup = CFF4578D25B0DC0700E64363 /* Products */;
			projectDirPath = "";
			projectRoot = "";
			targets = (
				CFF4578B25B0DC0700E64363 /* Handover (iOS) */,
				CFF4579325B0DC0700E64363 /* Handover (macOS) */,
			);
		};
/* End PBXProject section */

/* Begin PBXResourcesBuildPhase section */
		CFF4578A25B0DC0700E64363 /* Resources */ = {
			isa = PBXResourcesBuildPhase;
			buildActionMask = 2147483647;
			files = (
				CFF4579C25B0DC0700E64363 /* Assets.xcassets in Resources */,
			);
			runOnlyForDeploymentPostprocessing = 0;
		};
		CFF4579225B0DC0700E64363 /* Resources */ = {
			isa = PBXResourcesBuildPhase;
			buildActionMask = 2147483647;
			files = (
				CFF4579D25B0DC0700E64363 /* Assets.xcassets in Resources */,
			);
			runOnlyForDeploymentPostprocessing = 0;
		};
/* End PBXResourcesBuildPhase section */

/* Begin PBXSourcesBuildPhase section */
		CFF4578825B0DC0700E64363 /* Sources */ = {
			isa = PBXSourcesBuildPhase;
			buildActionMask = 2147483647;
			files = (
				CFF4579A25B0DC0700E64363 /* ContentView.swift in Sources */,
				CFF4579825B0DC0700E64363 /* HandoverApp.swift in Sources */,
			);
			runOnlyForDeploymentPostprocessing = 0;
		};
		CFF4579025B0DC0700E64363 /* Sources */ = {
			isa = PBXSourcesBuildPhase;
			buildActionMask = 2147483647;
			files = (
				CFF4579B25B0DC0700E64363 /* ContentView.swift in Sources */,
				CFF4579925B0DC0700E64363 /* HandoverApp.swift in Sources */,
			);
			runOnlyForDeploymentPostprocessing = 0;
		};
/* End PBXSourcesBuildPhase section */

/* Begin XCBuildConfiguration section */
		CFF4579E25B0DC0700E64363 /* Debug */ = {
			isa = XCBuildConfiguration;
			buildSettings = {
				ALWAYS_SEARCH_USER_PATHS = NO;
				CLANG_ANALYZER_NONNULL = YES;
				CLANG_ANALYZER_NUMBER_OBJECT_CONVERSION = YES_AGGRESSIVE;
				CLANG_CXX_LANGUAGE_STANDARD = "gnu++14";
				CLANG_CXX_LIBRARY = "libc++";
				CLANG_ENABLE_MODULES = YES;
				CLANG_ENABLE_OBJC_ARC = YES;
				CLANG_ENABLE_OBJC_WEAK = YES;
				CLANG_WARN_BLOCK_CAPTURE_AUTORELEASING = YES;
				CLANG_WARN_BOOL_CONVERSION = YES;
				CLANG_WARN_COMMA = YES;
				CLANG_WARN_CONSTANT_CONVERSION = YES;
				CLANG_WARN_DEPRECATED_OBJC_IMPLEMENTATIONS = YES;
				CLANG_WARN_DIRECT_OBJC_ISA_USAGE = YES_ERROR;
				CLANG_WARN_DOCUMENTATION_COMMENTS = YES;
				CLANG_WARN_EMPTY_BODY = YES;
				CLANG_WARN_ENUM_CONVERSION = YES;
				CLANG_WARN_INFINITE_RECURSION = YES;
				CLANG_WARN_INT_CONVERSION = YES;
				CLANG_WARN_NON_LITERAL_NULL_CONVERSION = YES;
				CLANG_WARN_OBJC_IMPLICIT_RETAIN_SELF = YES;
				CLANG_WARN_OBJC_LITERAL_CONVERSION = YES;
				CLANG_WARN_OBJC_ROOT_CLASS = YES_ERROR;
				CLANG_WARN_QUOTED_INCLUDE_IN_FRAMEWORK_HEADER = YES;
				CLANG_WARN_RANGE_LOOP_ANALYSIS = YES;
				CLANG_WARN_STRICT_PROTOTYPES = YES;
				CLANG_WARN_SUSPICIOUS_MOVE = YES;
				CLANG_WARN_UNGUARDED_AVAILABILITY = YES_AGGRESSIVE;
				CLANG_WARN_UNREACHABLE_CODE = YES;
				CLANG_WARN__DUPLICATE_METHOD_MATCH = YES;
				COPY_PHASE_STRIP = NO;
				DEBUG_INFORMATION_FORMAT = dwarf;
				ENABLE_STRICT_OBJC_MSGSEND = YES;
				ENABLE_TESTABILITY = YES;
				GCC_C_LANGUAGE_STANDARD = gnu11;
				GCC_DYNAMIC_NO_PIC = NO;
				GCC_NO_COMMON_BLOCKS = YES;
				GCC_OPTIMIZATION_LEVEL = 0;
				GCC_PREPROCESSOR_DEFINITIONS = (
					"DEBUG=1",
					"$(inherited)",
				);
				GCC_WARN_64_TO_32_BIT_CONVERSION = YES;
				GCC_WARN_ABOUT_RETURN_TYPE = YES_ERROR;
				GCC_WARN_UNDECLARED_SELECTOR = YES;
				GCC_WARN_UNINITIALIZED_AUTOS = YES_AGGRESSIVE;
				GCC_WARN_UNUSED_FUNCTION = YES;
				GCC_WARN_UNUSED_VARIABLE = YES;
				MTL_ENABLE_DEBUG_INFO = INCLUDE_SOURCE;
				MTL_FAST_MATH = YES;
				ONLY_ACTIVE_ARCH = YES;
				SWIFT_ACTIVE_COMPILATION_CONDITIONS = DEBUG;
				SWIFT_OPTIMIZATION_LEVEL = "-Onone";
			};
			name = Debug;
		};
		CFF4579F25B0DC0700E64363 /* Release */ = {
			isa = XCBuildConfiguration;
			buildSettings = {
				ALWAYS_SEARCH_USER_PATHS = NO;
				CLANG_ANALYZER_NONNULL = YES;
				CLANG_ANALYZER_NUMBER_OBJECT_CONVERSION = YES_AGGRESSIVE;
				CLANG_CXX_LANGUAGE_STANDARD = "gnu++14";
				CLANG_CXX_LIBRARY = "libc++";
				CLANG_ENABLE_MODULES = YES;
				CLANG_ENABLE_OBJC_ARC = YES;
				CLANG_ENABLE_OBJC_WEAK = YES;
				CLANG_WARN_BLOCK_CAPTURE_AUTORELEASING = YES;
				CLANG_WARN_BOOL_CONVERSION = YES;
				CLANG_WARN_COMMA = YES;
				CLANG_WARN_CONSTANT_CONVERSION = YES;
				CLANG_WARN_DEPRECATED_OBJC_IMPLEMENTATIONS = YES;
				CLANG_WARN_DIRECT_OBJC_ISA_USAGE = YES_ERROR;
				CLANG_WARN_DOCUMENTATION_COMMENTS = YES;
				CLANG_WARN_EMPTY_BODY = YES;
				CLANG_WARN_ENUM_CONVERSION = YES;
				CLANG_WARN_INFINITE_RECURSION = YES;
				CLANG_WARN_INT_CONVERSION = YES;
				CLANG_WARN_NON_LITERAL_NULL_CONVERSION = YES;
				CLANG_WARN_OBJC_IMPLICIT_RETAIN_SELF = YES;
				CLANG_WARN_OBJC_LITERAL_CONVERSION = YES;
				CLANG_WARN_OBJC_ROOT_CLASS = YES_ERROR;
				CLANG_WARN_QUOTED_INCLUDE_IN_FRAMEWORK_HEADER = YES;
				CLANG_WARN_RANGE_LOOP_ANALYSIS = YES;
				CLANG_WARN_STRICT_PROTOTYPES = YES;
				CLANG_WARN_SUSPICIOUS_MOVE = YES;
				CLANG_WARN_UNGUARDED_AVAILABILITY = YES_AGGRESSIVE;
				CLANG_WARN_UNREACHABLE_CODE = YES;
				CLANG_WARN__DUPLICATE_METHOD_MATCH = YES;
				COPY_PHASE_STRIP = NO;
				DEBUG_INFORMATION_FORMAT = "dwarf-with-dsym";
				ENABLE_NS_ASSERTIONS = NO;
				ENABLE_STRICT_OBJC_MSGSEND = YES;
				GCC_C_LANGUAGE_STANDARD = gnu11;
				GCC_NO_COMMON_BLOCKS = YES;
				GCC_WARN_64_TO_32_BIT_CONVERSION = YES;
				GCC_WARN_ABOUT_RETURN_TYPE = YES_ERROR;
				GCC_WARN_UNDECLARED_SELECTOR = YES;
				GCC_WARN_UNINITIALIZED_AUTOS = YES_AGGRESSIVE;
				GCC_WARN_UNUSED_FUNCTION = YES;
				GCC_WARN_UNUSED_VARIABLE = YES;
				MTL_ENABLE_DEBUG_INFO = NO;
				MTL_FAST_MATH = YES;
				SWIFT_COMPILATION_MODE = wholemodule;
				SWIFT_OPTIMIZATION_LEVEL = "-O";
			};
			name = Release;
		};
		CFF457A125B0DC0700E64363 /* Debug */ = {
			isa = XCBuildConfiguration;
			buildSettings = {
				ASSETCATALOG_COMPILER_APPICON_NAME = AppIcon;
				ASSETCATALOG_COMPILER_GLOBAL_ACCENT_COLOR_NAME = AccentColor;
				CODE_SIGN_STYLE = Automatic;
				DEVELOPMENT_TEAM = WMGJ7B26TT;
				ENABLE_PREVIEWS = YES;
				INFOPLIST_FILE = iOS/Info.plist;
				IPHONEOS_DEPLOYMENT_TARGET = 14.0;
				LD_RUNPATH_SEARCH_PATHS = (
					"$(inherited)",
					"@executable_path/Frameworks",
				);
				PRODUCT_BUNDLE_IDENTIFIER = com.karlkoch.Handover;
				PRODUCT_NAME = Handover;
				SDKROOT = iphoneos;
				SWIFT_VERSION = 5.0;
				TARGETED_DEVICE_FAMILY = "1,2";
			};
			name = Debug;
		};
		CFF457A225B0DC0700E64363 /* Release */ = {
			isa = XCBuildConfiguration;
			buildSettings = {
				ASSETCATALOG_COMPILER_APPICON_NAME = AppIcon;
				ASSETCATALOG_COMPILER_GLOBAL_ACCENT_COLOR_NAME = AccentColor;
				CODE_SIGN_STYLE = Automatic;
				DEVELOPMENT_TEAM = WMGJ7B26TT;
				ENABLE_PREVIEWS = YES;
				INFOPLIST_FILE = iOS/Info.plist;
				IPHONEOS_DEPLOYMENT_TARGET = 14.0;
				LD_RUNPATH_SEARCH_PATHS = (
					"$(inherited)",
					"@executable_path/Frameworks",
				);
				PRODUCT_BUNDLE_IDENTIFIER = com.karlkoch.Handover;
				PRODUCT_NAME = Handover;
				SDKROOT = iphoneos;
				SWIFT_VERSION = 5.0;
				TARGETED_DEVICE_FAMILY = "1,2";
				VALIDATE_PRODUCT = YES;
			};
			name = Release;
		};
		CFF457A425B0DC0700E64363 /* Debug */ = {
			isa = XCBuildConfiguration;
			buildSettings = {
				ASSETCATALOG_COMPILER_APPICON_NAME = AppIcon;
				ASSETCATALOG_COMPILER_GLOBAL_ACCENT_COLOR_NAME = AccentColor;
				CODE_SIGN_ENTITLEMENTS = macOS/macOS.entitlements;
				CODE_SIGN_STYLE = Automatic;
				COMBINE_HIDPI_IMAGES = YES;
				DEVELOPMENT_TEAM = WMGJ7B26TT;
				ENABLE_HARDENED_RUNTIME = YES;
				ENABLE_PREVIEWS = YES;
				INFOPLIST_FILE = macOS/Info.plist;
				LD_RUNPATH_SEARCH_PATHS = (
					"$(inherited)",
					"@executable_path/../Frameworks",
				);
				MACOSX_DEPLOYMENT_TARGET = 11.0;
				PRODUCT_BUNDLE_IDENTIFIER = com.karlkoch.Handover;
				PRODUCT_NAME = Handover;
				SDKROOT = macosx;
				SWIFT_VERSION = 5.0;
			};
			name = Debug;
		};
		CFF457A525B0DC0700E64363 /* Release */ = {
			isa = XCBuildConfiguration;
			buildSettings = {
				ASSETCATALOG_COMPILER_APPICON_NAME = AppIcon;
				ASSETCATALOG_COMPILER_GLOBAL_ACCENT_COLOR_NAME = AccentColor;
				CODE_SIGN_ENTITLEMENTS = macOS/macOS.entitlements;
				CODE_SIGN_STYLE = Automatic;
				COMBINE_HIDPI_IMAGES = YES;
				DEVELOPMENT_TEAM = WMGJ7B26TT;
				ENABLE_HARDENED_RUNTIME = YES;
				ENABLE_PREVIEWS = YES;
				INFOPLIST_FILE = macOS/Info.plist;
				LD_RUNPATH_SEARCH_PATHS = (
					"$(inherited)",
					"@executable_path/../Frameworks",
				);
				MACOSX_DEPLOYMENT_TARGET = 11.0;
				PRODUCT_BUNDLE_IDENTIFIER = com.karlkoch.Handover;
				PRODUCT_NAME = Handover;
				SDKROOT = macosx;
				SWIFT_VERSION = 5.0;
			};
			name = Release;
		};
/* End XCBuildConfiguration section */

/* Begin XCConfigurationList section */
		CFF4578325B0DC0400E64363 /* Build configuration list for PBXProject "Handover" */ = {
			isa = XCConfigurationList;
			buildConfigurations = (
				CFF4579E25B0DC0700E64363 /* Debug */,
				CFF4579F25B0DC0700E64363 /* Release */,
			);
			defaultConfigurationIsVisible = 0;
			defaultConfigurationName = Release;
		};
		CFF457A025B0DC0700E64363 /* Build configuration list for PBXNativeTarget "Handover (iOS)" */ = {
			isa = XCConfigurationList;
			buildConfigurations = (
				CFF457A125B0DC0700E64363 /* Debug */,
				CFF457A225B0DC0700E64363 /* Release */,
			);
			defaultConfigurationIsVisible = 0;
			defaultConfigurationName = Release;
		};
		CFF457A325B0DC0700E64363 /* Build configuration list for PBXNativeTarget "Handover (macOS)" */ = {
			isa = XCConfigurationList;
			buildConfigurations = (
				CFF457A425B0DC0700E64363 /* Debug */,
				CFF457A525B0DC0700E64363 /* Release */,
			);
			defaultConfigurationIsVisible = 0;
			defaultConfigurationName = Release;
		};
/* End XCConfigurationList section */
	};
	rootObject = CFF4578025B0DC0400E64363 /* Project object */;
}
